
Microsoft Visual Studio Solution File, Format Version 12.00
# Visual Studio 15
VisualStudioVersion = 15.0.26403.7
MinimumVisualStudioVersion = 10.0.40219.1
Project("{2150E333-8FDC-42A3-9474-1A3956D46DE8}") = "src", "src", "{978FB835-CFBE-45D8-9696-D5799BAA95FE}"
EndProject
Project("{9A19103F-16F7-4668-BE54-9A1E7A4F7556}") = "QuickStartIdentityServer", "src\QuickStartIdentityServer\QuickStartIdentityServer.csproj", "{44F1A736-476B-4385-9DB3-E5F692FD25D4}"
EndProject
Project("{9A19103F-16F7-4668-BE54-9A1E7A4F7556}") = "IdentityServer.API", "src\IdentityServer.API\IdentityServer.API.csproj", "{B16B440C-55F5-4F95-9DDF-94CFEEE597DA}"
EndProject
Project("{9A19103F-16F7-4668-BE54-9A1E7A4F7556}") = "IdentityServer4.Client", "src\IdentityServer4.Client\IdentityServer4.Client.csproj", "{6B3574CB-CDEB-4D15-86E4-000B9490E2DC}"
EndProject
Project("{FAE04EC0-301F-11D3-BF4B-00C04F79EFBC}") = "IdentityServer4.MvcServer", "src\IdentityServer4.MvcServer\IdentityServer4.MvcServer.csproj", "{5C354628-1B27-4701-BDF4-40AFC23255BD}"
EndProject
Project("{FAE04EC0-301F-11D3-BF4B-00C04F79EFBC}") = "IdentityServer4.MvcClient", "src\IdentityServer4.MvcClient\IdentityServer4.MvcClient.csproj", "{31D3C03C-4CA8-4C54-947C-616DDB1CD4FA}"
EndProject
Global
	GlobalSection(SolutionConfigurationPlatforms) = preSolution
		Debug|Any CPU = Debug|Any CPU
		Release|Any CPU = Release|Any CPU
	EndGlobalSection
	GlobalSection(ProjectConfigurationPlatforms) = postSolution
		{44F1A736-476B-4385-9DB3-E5F692FD25D4}.Debug|Any CPU.ActiveCfg = Debug|Any CPU
		{44F1A736-476B-4385-9DB3-E5F692FD25D4}.Debug|Any CPU.Build.0 = Debug|Any CPU
		{44F1A736-476B-4385-9DB3-E5F692FD25D4}.Release|Any CPU.ActiveCfg = Release|Any CPU
		{44F1A736-476B-4385-9DB3-E5F692FD25D4}.Release|Any CPU.Build.0 = Release|Any CPU
		{B16B440C-55F5-4F95-9DDF-94CFEEE597DA}.Debug|Any CPU.ActiveCfg = Debug|Any CPU
		{B16B440C-55F5-4F95-9DDF-94CFEEE597DA}.Debug|Any CPU.Build.0 = Debug|Any CPU
		{B16B440C-55F5-4F95-9DDF-94CFEEE597DA}.Release|Any CPU.ActiveCfg = Release|Any CPU
		{B16B440C-55F5-4F95-9DDF-94CFEEE597DA}.Release|Any CPU.Build.0 = Release|Any CPU
		{6B3574CB-CDEB-4D15-86E4-000B9490E2DC}.Debug|Any CPU.ActiveCfg = Debug|Any CPU
		{6B3574CB-CDEB-4D15-86E4-000B9490E2DC}.Debug|Any CPU.Build.0 = Debug|Any CPU
		{6B3574CB-CDEB-4D15-86E4-000B9490E2DC}.Release|Any CPU.ActiveCfg = Release|Any CPU
		{6B3574CB-CDEB-4D15-86E4-000B9490E2DC}.Release|Any CPU.Build.0 = Release|Any CPU
		{5C354628-1B27-4701-BDF4-40AFC23255BD}.Debug|Any CPU.ActiveCfg = Debug|Any CPU
		{5C354628-1B27-4701-BDF4-40AFC23255BD}.Debug|Any CPU.Build.0 = Debug|Any CPU
		{5C354628-1B27-4701-BDF4-40AFC23255BD}.Release|Any CPU.ActiveCfg = Release|Any CPU
		{5C354628-1B27-4701-BDF4-40AFC23255BD}.Release|Any CPU.Build.0 = Release|Any CPU
		{31D3C03C-4CA8-4C54-947C-616DDB1CD4FA}.Debug|Any CPU.ActiveCfg = Debug|Any CPU
		{31D3C03C-4CA8-4C54-947C-616DDB1CD4FA}.Debug|Any CPU.Build.0 = Debug|Any CPU
		{31D3C03C-4CA8-4C54-947C-616DDB1CD4FA}.Release|Any CPU.ActiveCfg = Release|Any CPU
		{31D3C03C-4CA8-4C54-947C-616DDB1CD4FA}.Release|Any CPU.Build.0 = Release|Any CPU
	EndGlobalSection
	GlobalSection(SolutionProperties) = preSolution
		HideSolutionNode = FALSE
	EndGlobalSection
	GlobalSection(NestedProjects) = preSolution
		{44F1A736-476B-4385-9DB3-E5F692FD25D4} = {978FB835-CFBE-45D8-9696-D5799BAA95FE}
		{B16B440C-55F5-4F95-9DDF-94CFEEE597DA} = {978FB835-CFBE-45D8-9696-D5799BAA95FE}
		{6B3574CB-CDEB-4D15-86E4-000B9490E2DC} = {978FB835-CFBE-45D8-9696-D5799BAA95FE}
		{5C354628-1B27-4701-BDF4-40AFC23255BD} = {978FB835-CFBE-45D8-9696-D5799BAA95FE}
		{31D3C03C-4CA8-4C54-947C-616DDB1CD4FA} = {978FB835-CFBE-45D8-9696-D5799BAA95FE}
	EndGlobalSection
EndGlobal
