
Microsoft Visual Studio Solution File, Format Version 12.00
# Visual Studio 15
VisualStudioVersion = 15.0.26403.7
MinimumVisualStudioVersion = 10.0.40219.1
Project("{FAE04EC0-301F-11D3-BF4B-00C04F79EFBC}") = "IdentityServer4.Server", "src\IdentityServer4.Server\IdentityServer4.Server.csproj", "{010462B8-8CEB-44DB-8788-191C124696EF}"
EndProject
Project("{2150E333-8FDC-42A3-9474-1A3956D46DE8}") = "src", "src", "{978FB835-CFBE-45D8-9696-D5799BAA95FE}"
EndProject
Global
	GlobalSection(SolutionConfigurationPlatforms) = preSolution
		Debug|Any CPU = Debug|Any CPU
		Release|Any CPU = Release|Any CPU
	EndGlobalSection
	GlobalSection(ProjectConfigurationPlatforms) = postSolution
		{010462B8-8CEB-44DB-8788-191C124696EF}.Debug|Any CPU.ActiveCfg = Debug|Any CPU
		{010462B8-8CEB-44DB-8788-191C124696EF}.Debug|Any CPU.Build.0 = Debug|Any CPU
		{010462B8-8CEB-44DB-8788-191C124696EF}.Release|Any CPU.ActiveCfg = Release|Any CPU
		{010462B8-8CEB-44DB-8788-191C124696EF}.Release|Any CPU.Build.0 = Release|Any CPU
	EndGlobalSection
	GlobalSection(SolutionProperties) = preSolution
		HideSolutionNode = FALSE
	EndGlobalSection
	GlobalSection(NestedProjects) = preSolution
		{010462B8-8CEB-44DB-8788-191C124696EF} = {978FB835-CFBE-45D8-9696-D5799BAA95FE}
	EndGlobalSection
EndGlobal
